
Microsoft Visual Studio Solution File, Format Version 11.00
# Visual Studio 2010
Project("{FAE04EC0-301F-11D3-BF4B-00C04F79EFBC}") = "UnityEngine.TestRunner", "UnityEngine.TestRunner.csproj", "{A6C973E0-46C9-C1ED-1C12-8460F8B1938E}"
EndProject
Project("{FAE04EC0-301F-11D3-BF4B-00C04F79EFBC}") = "UnityEngine.UI", "UnityEngine.UI.csproj", "{4F02498A-192F-31F4-DFF1-7AC632B3B535}"
EndProject
Project("{FAE04EC0-301F-11D3-BF4B-00C04F79EFBC}") = "Unity.TextMeshPro", "Unity.TextMeshPro.csproj", "{A1B0A14B-7A30-1A07-692B-281420BEA4D7}"
EndProject
Project("{FAE04EC0-301F-11D3-BF4B-00C04F79EFBC}") = "Unity.Timeline", "Unity.Timeline.csproj", "{0C02FC6F-1A43-AFDA-6498-C15357EEE94D}"
EndProject
Project("{FAE04EC0-301F-11D3-BF4B-00C04F79EFBC}") = "jp.keijiro.osc-jack.Runtime", "jp.keijiro.osc-jack.Runtime.csproj", "{59014203-4BD2-B928-30A8-307E3E0EA5AF}"
EndProject
Project("{FAE04EC0-301F-11D3-BF4B-00C04F79EFBC}") = "Assembly-CSharp", "Assembly-CSharp.csproj", "{C7863DE2-84CA-DEAD-A1B8-F4A26A185DC7}"
EndProject
Project("{FAE04EC0-301F-11D3-BF4B-00C04F79EFBC}") = "Unity.TextMeshPro.Editor", "Unity.TextMeshPro.Editor.csproj", "{2C563C40-BBC9-47DC-EF4D-6168FAAC0852}"
EndProject
Project("{FAE04EC0-301F-11D3-BF4B-00C04F79EFBC}") = "Unity.Timeline.Editor", "Unity.Timeline.Editor.csproj", "{70160A17-7695-07C1-F3E5-C1DDEA568E6D}"
EndProject
Project("{FAE04EC0-301F-11D3-BF4B-00C04F79EFBC}") = "UnityEditor.TestRunner", "UnityEditor.TestRunner.csproj", "{0F66F499-85E5-FAFD-4900-6865390D89E3}"
EndProject
Project("{FAE04EC0-301F-11D3-BF4B-00C04F79EFBC}") = "UnityEditor.UI", "UnityEditor.UI.csproj", "{92E5F4DF-78E2-FFCB-A0F9-920395182383}"
EndProject
Project("{FAE04EC0-301F-11D3-BF4B-00C04F79EFBC}") = "Unity.Rider.Editor", "Unity.Rider.Editor.csproj", "{89557FC7-7297-F7EA-803F-AA9ADF0AE0F6}"
EndProject
Project("{FAE04EC0-301F-11D3-BF4B-00C04F79EFBC}") = "jp.keijiro.osc-jack.Editor", "jp.keijiro.osc-jack.Editor.csproj", "{6007B1D5-2D0B-4C1A-AACA-8B3F983C2D17}"
EndProject
Project("{FAE04EC0-301F-11D3-BF4B-00C04F79EFBC}") = "Unity.CollabProxy.Editor", "Unity.CollabProxy.Editor.csproj", "{39F87069-1839-3EE3-CCF4-31B321DA45E1}"
EndProject
Project("{FAE04EC0-301F-11D3-BF4B-00C04F79EFBC}") = "Assembly-CSharp-Editor", "Assembly-CSharp-Editor.csproj", "{73DCEB31-E9EE-F938-BB8B-493A53942AED}"
EndProject
Project("{FAE04EC0-301F-11D3-BF4B-00C04F79EFBC}") = "Unity.VSCode.Editor", "Unity.VSCode.Editor.csproj", "{211145B6-E1EA-A37B-3F65-0294B2EC08A6}"
EndProject
Global
	GlobalSection(SolutionConfigurationPlatforms) = preSolution
		Debug|Any CPU = Debug|Any CPU
		Release|Any CPU = Release|Any CPU
	EndGlobalSection
	GlobalSection(ProjectConfigurationPlatforms) = postSolution
		{A6C973E0-46C9-C1ED-1C12-8460F8B1938E}.Debug|Any CPU.ActiveCfg = Debug|Any CPU
		{A6C973E0-46C9-C1ED-1C12-8460F8B1938E}.Debug|Any CPU.Build.0 = Debug|Any CPU
		{A6C973E0-46C9-C1ED-1C12-8460F8B1938E}.Release|Any CPU.ActiveCfg = Release|Any CPU
		{A6C973E0-46C9-C1ED-1C12-8460F8B1938E}.Release|Any CPU.Build.0 = Release|Any CPU
		{4F02498A-192F-31F4-DFF1-7AC632B3B535}.Debug|Any CPU.ActiveCfg = Debug|Any CPU
		{4F02498A-192F-31F4-DFF1-7AC632B3B535}.Debug|Any CPU.Build.0 = Debug|Any CPU
		{4F02498A-192F-31F4-DFF1-7AC632B3B535}.Release|Any CPU.ActiveCfg = Release|Any CPU
		{4F02498A-192F-31F4-DFF1-7AC632B3B535}.Release|Any CPU.Build.0 = Release|Any CPU
		{A1B0A14B-7A30-1A07-692B-281420BEA4D7}.Debug|Any CPU.ActiveCfg = Debug|Any CPU
		{A1B0A14B-7A30-1A07-692B-281420BEA4D7}.Debug|Any CPU.Build.0 = Debug|Any CPU
		{A1B0A14B-7A30-1A07-692B-281420BEA4D7}.Release|Any CPU.ActiveCfg = Release|Any CPU
		{A1B0A14B-7A30-1A07-692B-281420BEA4D7}.Release|Any CPU.Build.0 = Release|Any CPU
		{0C02FC6F-1A43-AFDA-6498-C15357EEE94D}.Debug|Any CPU.ActiveCfg = Debug|Any CPU
		{0C02FC6F-1A43-AFDA-6498-C15357EEE94D}.Debug|Any CPU.Build.0 = Debug|Any CPU
		{0C02FC6F-1A43-AFDA-6498-C15357EEE94D}.Release|Any CPU.ActiveCfg = Release|Any CPU
		{0C02FC6F-1A43-AFDA-6498-C15357EEE94D}.Release|Any CPU.Build.0 = Release|Any CPU
		{59014203-4BD2-B928-30A8-307E3E0EA5AF}.Debug|Any CPU.ActiveCfg = Debug|Any CPU
		{59014203-4BD2-B928-30A8-307E3E0EA5AF}.Debug|Any CPU.Build.0 = Debug|Any CPU
		{59014203-4BD2-B928-30A8-307E3E0EA5AF}.Release|Any CPU.ActiveCfg = Release|Any CPU
		{59014203-4BD2-B928-30A8-307E3E0EA5AF}.Release|Any CPU.Build.0 = Release|Any CPU
		{C7863DE2-84CA-DEAD-A1B8-F4A26A185DC7}.Debug|Any CPU.ActiveCfg = Debug|Any CPU
		{C7863DE2-84CA-DEAD-A1B8-F4A26A185DC7}.Debug|Any CPU.Build.0 = Debug|Any CPU
		{C7863DE2-84CA-DEAD-A1B8-F4A26A185DC7}.Release|Any CPU.ActiveCfg = Release|Any CPU
		{C7863DE2-84CA-DEAD-A1B8-F4A26A185DC7}.Release|Any CPU.Build.0 = Release|Any CPU
		{2C563C40-BBC9-47DC-EF4D-6168FAAC0852}.Debug|Any CPU.ActiveCfg = Debug|Any CPU
		{2C563C40-BBC9-47DC-EF4D-6168FAAC0852}.Debug|Any CPU.Build.0 = Debug|Any CPU
		{2C563C40-BBC9-47DC-EF4D-6168FAAC0852}.Release|Any CPU.ActiveCfg = Release|Any CPU
		{2C563C40-BBC9-47DC-EF4D-6168FAAC0852}.Release|Any CPU.Build.0 = Release|Any CPU
		{70160A17-7695-07C1-F3E5-C1DDEA568E6D}.Debug|Any CPU.ActiveCfg = Debug|Any CPU
		{70160A17-7695-07C1-F3E5-C1DDEA568E6D}.Debug|Any CPU.Build.0 = Debug|Any CPU
		{70160A17-7695-07C1-F3E5-C1DDEA568E6D}.Release|Any CPU.ActiveCfg = Release|Any CPU
		{70160A17-7695-07C1-F3E5-C1DDEA568E6D}.Release|Any CPU.Build.0 = Release|Any CPU
		{0F66F499-85E5-FAFD-4900-6865390D89E3}.Debug|Any CPU.ActiveCfg = Debug|Any CPU
		{0F66F499-85E5-FAFD-4900-6865390D89E3}.Debug|Any CPU.Build.0 = Debug|Any CPU
		{0F66F499-85E5-FAFD-4900-6865390D89E3}.Release|Any CPU.ActiveCfg = Release|Any CPU
		{0F66F499-85E5-FAFD-4900-6865390D89E3}.Release|Any CPU.Build.0 = Release|Any CPU
		{92E5F4DF-78E2-FFCB-A0F9-920395182383}.Debug|Any CPU.ActiveCfg = Debug|Any CPU
		{92E5F4DF-78E2-FFCB-A0F9-920395182383}.Debug|Any CPU.Build.0 = Debug|Any CPU
		{92E5F4DF-78E2-FFCB-A0F9-920395182383}.Release|Any CPU.ActiveCfg = Release|Any CPU
		{92E5F4DF-78E2-FFCB-A0F9-920395182383}.Release|Any CPU.Build.0 = Release|Any CPU
		{89557FC7-7297-F7EA-803F-AA9ADF0AE0F6}.Debug|Any CPU.ActiveCfg = Debug|Any CPU
		{89557FC7-7297-F7EA-803F-AA9ADF0AE0F6}.Debug|Any CPU.Build.0 = Debug|Any CPU
		{89557FC7-7297-F7EA-803F-AA9ADF0AE0F6}.Release|Any CPU.ActiveCfg = Release|Any CPU
		{89557FC7-7297-F7EA-803F-AA9ADF0AE0F6}.Release|Any CPU.Build.0 = Release|Any CPU
		{6007B1D5-2D0B-4C1A-AACA-8B3F983C2D17}.Debug|Any CPU.ActiveCfg = Debug|Any CPU
		{6007B1D5-2D0B-4C1A-AACA-8B3F983C2D17}.Debug|Any CPU.Build.0 = Debug|Any CPU
		{6007B1D5-2D0B-4C1A-AACA-8B3F983C2D17}.Release|Any CPU.ActiveCfg = Release|Any CPU
		{6007B1D5-2D0B-4C1A-AACA-8B3F983C2D17}.Release|Any CPU.Build.0 = Release|Any CPU
		{39F87069-1839-3EE3-CCF4-31B321DA45E1}.Debug|Any CPU.ActiveCfg = Debug|Any CPU
		{39F87069-1839-3EE3-CCF4-31B321DA45E1}.Debug|Any CPU.Build.0 = Debug|Any CPU
		{39F87069-1839-3EE3-CCF4-31B321DA45E1}.Release|Any CPU.ActiveCfg = Release|Any CPU
		{39F87069-1839-3EE3-CCF4-31B321DA45E1}.Release|Any CPU.Build.0 = Release|Any CPU
		{73DCEB31-E9EE-F938-BB8B-493A53942AED}.Debug|Any CPU.ActiveCfg = Debug|Any CPU
		{73DCEB31-E9EE-F938-BB8B-493A53942AED}.Debug|Any CPU.Build.0 = Debug|Any CPU
		{73DCEB31-E9EE-F938-BB8B-493A53942AED}.Release|Any CPU.ActiveCfg = Release|Any CPU
		{73DCEB31-E9EE-F938-BB8B-493A53942AED}.Release|Any CPU.Build.0 = Release|Any CPU
		{211145B6-E1EA-A37B-3F65-0294B2EC08A6}.Debug|Any CPU.ActiveCfg = Debug|Any CPU
		{211145B6-E1EA-A37B-3F65-0294B2EC08A6}.Debug|Any CPU.Build.0 = Debug|Any CPU
		{211145B6-E1EA-A37B-3F65-0294B2EC08A6}.Release|Any CPU.ActiveCfg = Release|Any CPU
		{211145B6-E1EA-A37B-3F65-0294B2EC08A6}.Release|Any CPU.Build.0 = Release|Any CPU
	EndGlobalSection
	GlobalSection(SolutionProperties) = preSolution
		HideSolutionNode = FALSE
	EndGlobalSection
EndGlobal
